// !$*UTF8*$!
{
	archiveVersion = 1;
	classes = {
	};
	objectVersion = 46;
	objects = {

/* Begin PBXBuildFile section */
		09144A7313C2997E00388B00 /* Entitlements.plist in Resources */ = {isa = PBXBuildFile; fileRef = 09144A7213C2997E00388B00 /* Entitlements.plist */; };
		092354B313A1D7EB00DA740F /* CFNetwork.framework in Frameworks */ = {isa = PBXBuildFile; fileRef = 092354B213A1D7EB00DA740F /* CFNetwork.framework */; };
		092354B513A1D7F000DA740F /* SystemConfiguration.framework in Frameworks */ = {isa = PBXBuildFile; fileRef = 092354B413A1D7F000DA740F /* SystemConfiguration.framework */; };
		092354B713A1D83C00DA740F /* MobileCoreServices.framework in Frameworks */ = {isa = PBXBuildFile; fileRef = 092354B613A1D83C00DA740F /* MobileCoreServices.framework */; };
		094ACA0014367ACD008398F8 /* Parse.framework in Frameworks */ = {isa = PBXBuildFile; fileRef = 094AC9FF14367ACD008398F8 /* Parse.framework */; };
		095ACE8613C68EA300566243 /* AudioToolbox.framework in Frameworks */ = {isa = PBXBuildFile; fileRef = 095ACE8513C68EA300566243 /* AudioToolbox.framework */; };
		099CCEAD13F9E3760039A464 /* libz.1.1.3.dylib in Frameworks */ = {isa = PBXBuildFile; fileRef = 099CCEAC13F9E3760039A464 /* libz.1.1.3.dylib */; };
		09ABC07213A1D52D009C3FCF /* UIKit.framework in Frameworks */ = {isa = PBXBuildFile; fileRef = 09ABC07113A1D52D009C3FCF /* UIKit.framework */; };
		09ABC07413A1D52D009C3FCF /* Foundation.framework in Frameworks */ = {isa = PBXBuildFile; fileRef = 09ABC07313A1D52D009C3FCF /* Foundation.framework */; };
		09ABC07C13A1D52D009C3FCF /* InfoPlist.strings in Resources */ = {isa = PBXBuildFile; fileRef = 09ABC07A13A1D52D009C3FCF /* InfoPlist.strings */; };
		09ABC07F13A1D52D009C3FCF /* main.m in Sources */ = {isa = PBXBuildFile; fileRef = 09ABC07E13A1D52D009C3FCF /* main.m */; };
		09ABC08213A1D52D009C3FCF /* ParseStarterProjectAppDelegate.m in Sources */ = {isa = PBXBuildFile; fileRef = 09ABC08113A1D52D009C3FCF /* ParseStarterProjectAppDelegate.m */; };
		09ABC08813A1D52E009C3FCF /* ParseStarterProjectViewController.m in Sources */ = {isa = PBXBuildFile; fileRef = 09ABC08713A1D52E009C3FCF /* ParseStarterProjectViewController.m */; };
		09BEF34C13D51C3F001BBCDB /* Security.framework in Frameworks */ = {isa = PBXBuildFile; fileRef = 09BEF34B13D51C3F001BBCDB /* Security.framework */; };
		2FCDD6B014A573F500295AAC /* QuartzCore.framework in Frameworks */ = {isa = PBXBuildFile; fileRef = 2FCDD6AF14A573F500295AAC /* QuartzCore.framework */; };
		4998650515BF305000803E05 /* StoreKit.framework in Frameworks */ = {isa = PBXBuildFile; fileRef = 4998650415BF305000803E05 /* StoreKit.framework */; };
		743D7B6D157DA60100084B67 /* CoreGraphics.framework in Frameworks */ = {isa = PBXBuildFile; fileRef = 743D7B6C157DA60100084B67 /* CoreGraphics.framework */; };
		98B655F518EF2CEA00D33B20 /* PHFComposeBarView.m in Sources */ = {isa = PBXBuildFile; fileRef = 98B655F018EF2CEA00D33B20 /* PHFComposeBarView.m */; };
		98B655F618EF2CEA00D33B20 /* PHFComposeBarView_Button.m in Sources */ = {isa = PBXBuildFile; fileRef = 98B655F218EF2CEA00D33B20 /* PHFComposeBarView_Button.m */; };
		98B655F718EF2CEA00D33B20 /* PHFComposeBarView_TextView.m in Sources */ = {isa = PBXBuildFile; fileRef = 98B655F418EF2CEA00D33B20 /* PHFComposeBarView_TextView.m */; };
		98B655FE18EF2E7D00D33B20 /* PHFDelegateChain.m in Sources */ = {isa = PBXBuildFile; fileRef = 98B655FB18EF2E7D00D33B20 /* PHFDelegateChain.m */; };
		98B6560218EF303600D33B20 /* ComposerViewController.m in Sources */ = {isa = PBXBuildFile; fileRef = 98B6560118EF303600D33B20 /* ComposerViewController.m */; };
		98B6560418EF3BBA00D33B20 /* Camera@2x.png in Resources */ = {isa = PBXBuildFile; fileRef = 98B6560318EF3BBA00D33B20 /* Camera@2x.png */; };
		98C49AAA18FDBD100070644C /* camera-icon-hi.png in Resources */ = {isa = PBXBuildFile; fileRef = 98C49AA918FDBD100070644C /* camera-icon-hi.png */; };
		98C49AAC18FDDE990070644C /* shareIcon.png in Resources */ = {isa = PBXBuildFile; fileRef = 98C49AAB18FDDE990070644C /* shareIcon.png */; };
		98C49AAF18FDE4100070644C /* iOSskiing.png in Resources */ = {isa = PBXBuildFile; fileRef = 98C49AAD18FDE4100070644C /* iOSskiing.png */; };
		98C49AB018FDE4100070644C /* iOSmotorcycle.png in Resources */ = {isa = PBXBuildFile; fileRef = 98C49AAE18FDE4100070644C /* iOSmotorcycle.png */; };
		98C49AB218FED4A10070644C /* download.png in Resources */ = {isa = PBXBuildFile; fileRef = 98C49AB118FED4A10070644C /* download.png */; };
		98C49AB419019AB20070644C /* blurredRainbow.png in Resources */ = {isa = PBXBuildFile; fileRef = 98C49AB319019AB20070644C /* blurredRainbow.png */; };
		98C6CF0A18EA1B29008A6AAA /* Storyboard.storyboard in Resources */ = {isa = PBXBuildFile; fileRef = 98C6CF0918EA1B28008A6AAA /* Storyboard.storyboard */; };
		98C6CF0E18EB3CD9008A6AAA /* Images.xcassets in Resources */ = {isa = PBXBuildFile; fileRef = 98C6CF0D18EB3CD9008A6AAA /* Images.xcassets */; };
		98C6CF1118EB4A7E008A6AAA /* GetPictureController.m in Sources */ = {isa = PBXBuildFile; fileRef = 98C6CF1018EB4A7E008A6AAA /* GetPictureController.m */; };
		98C6CF1318EB543B008A6AAA /* Twitter.framework in Frameworks */ = {isa = PBXBuildFile; fileRef = 98C6CF1218EB543B008A6AAA /* Twitter.framework */; };
		98C6CF1418EB5444008A6AAA /* Accounts.framework in Frameworks */ = {isa = PBXBuildFile; fileRef = 6372FF521613CC3C002132AF /* Accounts.framework */; };
		98CB50B51906E264001903AF /* locationIcon.png in Resources */ = {isa = PBXBuildFile; fileRef = 98CB50B41906E264001903AF /* locationIcon.png */; };
		98CB50B91906E3AD001903AF /* locationIconSelected.png in Resources */ = {isa = PBXBuildFile; fileRef = 98CB50B81906E3AD001903AF /* locationIconSelected.png */; };
		98CB50BB19071E4B001903AF /* locationIconReceived.png in Resources */ = {isa = PBXBuildFile; fileRef = 98CB50BA19071E4B001903AF /* locationIconReceived.png */; };
		C4C51B571613CE0800959FDC /* Default.png in Resources */ = {isa = PBXBuildFile; fileRef = C4C51B541613CE0800959FDC /* Default.png */; };
		C4C51B581613CE0800959FDC /* Default-568h@2x.png in Resources */ = {isa = PBXBuildFile; fileRef = C4C51B551613CE0800959FDC /* Default-568h@2x.png */; };
		C4C51B591613CE0800959FDC /* Default@2x.png in Resources */ = {isa = PBXBuildFile; fileRef = C4C51B561613CE0800959FDC /* Default@2x.png */; };
		DD952FCB16E7F5CF00470144 /* CoreLocation.framework in Frameworks */ = {isa = PBXBuildFile; fileRef = 97E18B1E1624CB5700B17A67 /* CoreLocation.framework */; };
/* End PBXBuildFile section */

/* Begin PBXFileReference section */
		09144A7213C2997E00388B00 /* Entitlements.plist */ = {isa = PBXFileReference; fileEncoding = 4; lastKnownFileType = text.plist.xml; path = Entitlements.plist; sourceTree = "<group>"; };
		092354B213A1D7EB00DA740F /* CFNetwork.framework */ = {isa = PBXFileReference; lastKnownFileType = wrapper.framework; name = CFNetwork.framework; path = System/Library/Frameworks/CFNetwork.framework; sourceTree = SDKROOT; };
		092354B413A1D7F000DA740F /* SystemConfiguration.framework */ = {isa = PBXFileReference; lastKnownFileType = wrapper.framework; name = SystemConfiguration.framework; path = System/Library/Frameworks/SystemConfiguration.framework; sourceTree = SDKROOT; };
		092354B613A1D83C00DA740F /* MobileCoreServices.framework */ = {isa = PBXFileReference; lastKnownFileType = wrapper.framework; name = MobileCoreServices.framework; path = System/Library/Frameworks/MobileCoreServices.framework; sourceTree = SDKROOT; };
		094AC9FF14367ACD008398F8 /* Parse.framework */ = {isa = PBXFileReference; lastKnownFileType = wrapper.framework; path = Parse.framework; sourceTree = "<group>"; };
		095ACE8513C68EA300566243 /* AudioToolbox.framework */ = {isa = PBXFileReference; lastKnownFileType = wrapper.framework; name = AudioToolbox.framework; path = System/Library/Frameworks/AudioToolbox.framework; sourceTree = SDKROOT; };
		099CCEAC13F9E3760039A464 /* libz.1.1.3.dylib */ = {isa = PBXFileReference; lastKnownFileType = "compiled.mach-o.dylib"; name = libz.1.1.3.dylib; path = usr/lib/libz.1.1.3.dylib; sourceTree = SDKROOT; };
		09ABC06D13A1D52D009C3FCF /* GiveAndGet.app */ = {isa = PBXFileReference; explicitFileType = wrapper.application; includeInIndex = 0; path = GiveAndGet.app; sourceTree = BUILT_PRODUCTS_DIR; };
		09ABC07113A1D52D009C3FCF /* UIKit.framework */ = {isa = PBXFileReference; lastKnownFileType = wrapper.framework; name = UIKit.framework; path = System/Library/Frameworks/UIKit.framework; sourceTree = SDKROOT; };
		09ABC07313A1D52D009C3FCF /* Foundation.framework */ = {isa = PBXFileReference; lastKnownFileType = wrapper.framework; name = Foundation.framework; path = System/Library/Frameworks/Foundation.framework; sourceTree = SDKROOT; };
		09ABC07913A1D52D009C3FCF /* GiveAndGet-Info.plist */ = {isa = PBXFileReference; lastKnownFileType = text.plist.xml; path = "GiveAndGet-Info.plist"; sourceTree = "<group>"; };
		09ABC07B13A1D52D009C3FCF /* en */ = {isa = PBXFileReference; lastKnownFileType = text.plist.strings; name = en; path = en.lproj/InfoPlist.strings; sourceTree = "<group>"; };
		09ABC07D13A1D52D009C3FCF /* GiveAndGet-Prefix.pch */ = {isa = PBXFileReference; lastKnownFileType = sourcecode.c.h; path = "GiveAndGet-Prefix.pch"; sourceTree = "<group>"; };
		09ABC07E13A1D52D009C3FCF /* main.m */ = {isa = PBXFileReference; lastKnownFileType = sourcecode.c.objc; path = main.m; sourceTree = "<group>"; };
		09ABC08013A1D52D009C3FCF /* ParseStarterProjectAppDelegate.h */ = {isa = PBXFileReference; lastKnownFileType = sourcecode.c.h; path = ParseStarterProjectAppDelegate.h; sourceTree = "<group>"; };
		09ABC08113A1D52D009C3FCF /* ParseStarterProjectAppDelegate.m */ = {isa = PBXFileReference; lastKnownFileType = sourcecode.c.objc; path = ParseStarterProjectAppDelegate.m; sourceTree = "<group>"; };
		09ABC08613A1D52E009C3FCF /* ParseStarterProjectViewController.h */ = {isa = PBXFileReference; lastKnownFileType = sourcecode.c.h; path = ParseStarterProjectViewController.h; sourceTree = "<group>"; };
		09ABC08713A1D52E009C3FCF /* ParseStarterProjectViewController.m */ = {isa = PBXFileReference; lastKnownFileType = sourcecode.c.objc; path = ParseStarterProjectViewController.m; sourceTree = "<group>"; };
		09BEF34B13D51C3F001BBCDB /* Security.framework */ = {isa = PBXFileReference; lastKnownFileType = wrapper.framework; name = Security.framework; path = System/Library/Frameworks/Security.framework; sourceTree = SDKROOT; };
		2FCDD6AF14A573F500295AAC /* QuartzCore.framework */ = {isa = PBXFileReference; lastKnownFileType = wrapper.framework; name = QuartzCore.framework; path = System/Library/Frameworks/QuartzCore.framework; sourceTree = SDKROOT; };
		4998650415BF305000803E05 /* StoreKit.framework */ = {isa = PBXFileReference; lastKnownFileType = wrapper.framework; name = StoreKit.framework; path = System/Library/Frameworks/StoreKit.framework; sourceTree = SDKROOT; };
		6332375315E438E900AE2736 /* libsqlite3.dylib */ = {isa = PBXFileReference; lastKnownFileType = "compiled.mach-o.dylib"; name = libsqlite3.dylib; path = usr/lib/libsqlite3.dylib; sourceTree = SDKROOT; };
		6372FF521613CC3C002132AF /* Accounts.framework */ = {isa = PBXFileReference; lastKnownFileType = wrapper.framework; name = Accounts.framework; path = System/Library/Frameworks/Accounts.framework; sourceTree = SDKROOT; };
		6372FF551613CC42002132AF /* Social.framework */ = {isa = PBXFileReference; lastKnownFileType = wrapper.framework; name = Social.framework; path = System/Library/Frameworks/Social.framework; sourceTree = SDKROOT; };
		6372FF571613CC47002132AF /* AdSupport.framework */ = {isa = PBXFileReference; lastKnownFileType = wrapper.framework; name = AdSupport.framework; path = System/Library/Frameworks/AdSupport.framework; sourceTree = SDKROOT; };
		743D7B6C157DA60100084B67 /* CoreGraphics.framework */ = {isa = PBXFileReference; lastKnownFileType = wrapper.framework; name = CoreGraphics.framework; path = System/Library/Frameworks/CoreGraphics.framework; sourceTree = SDKROOT; };
		97E18B1E1624CB5700B17A67 /* CoreLocation.framework */ = {isa = PBXFileReference; lastKnownFileType = wrapper.framework; name = CoreLocation.framework; path = System/Library/Frameworks/CoreLocation.framework; sourceTree = SDKROOT; };
		98B655EF18EF2CEA00D33B20 /* PHFComposeBarView.h */ = {isa = PBXFileReference; fileEncoding = 4; lastKnownFileType = sourcecode.c.h; path = PHFComposeBarView.h; sourceTree = "<group>"; };
		98B655F018EF2CEA00D33B20 /* PHFComposeBarView.m */ = {isa = PBXFileReference; fileEncoding = 4; lastKnownFileType = sourcecode.c.objc; path = PHFComposeBarView.m; sourceTree = "<group>"; };
		98B655F118EF2CEA00D33B20 /* PHFComposeBarView_Button.h */ = {isa = PBXFileReference; fileEncoding = 4; lastKnownFileType = sourcecode.c.h; path = PHFComposeBarView_Button.h; sourceTree = "<group>"; };
		98B655F218EF2CEA00D33B20 /* PHFComposeBarView_Button.m */ = {isa = PBXFileReference; fileEncoding = 4; lastKnownFileType = sourcecode.c.objc; path = PHFComposeBarView_Button.m; sourceTree = "<group>"; };
		98B655F318EF2CEA00D33B20 /* PHFComposeBarView_TextView.h */ = {isa = PBXFileReference; fileEncoding = 4; lastKnownFileType = sourcecode.c.h; path = PHFComposeBarView_TextView.h; sourceTree = "<group>"; };
		98B655F418EF2CEA00D33B20 /* PHFComposeBarView_TextView.m */ = {isa = PBXFileReference; fileEncoding = 4; lastKnownFileType = sourcecode.c.objc; path = PHFComposeBarView_TextView.m; sourceTree = "<group>"; };
		98B655FA18EF2E7D00D33B20 /* PHFDelegateChain.h */ = {isa = PBXFileReference; fileEncoding = 4; lastKnownFileType = sourcecode.c.h; path = PHFDelegateChain.h; sourceTree = "<group>"; };
		98B655FB18EF2E7D00D33B20 /* PHFDelegateChain.m */ = {isa = PBXFileReference; fileEncoding = 4; lastKnownFileType = sourcecode.c.objc; path = PHFDelegateChain.m; sourceTree = "<group>"; };
		98B6560018EF303600D33B20 /* ComposerViewController.h */ = {isa = PBXFileReference; fileEncoding = 4; lastKnownFileType = sourcecode.c.h; path = ComposerViewController.h; sourceTree = "<group>"; };
		98B6560118EF303600D33B20 /* ComposerViewController.m */ = {isa = PBXFileReference; fileEncoding = 4; lastKnownFileType = sourcecode.c.objc; path = ComposerViewController.m; sourceTree = "<group>"; };
		98B6560318EF3BBA00D33B20 /* Camera@2x.png */ = {isa = PBXFileReference; lastKnownFileType = image.png; name = "Camera@2x.png"; path = "ParseStarterProject/Camera@2x.png"; sourceTree = "<group>"; };
		98C49AA918FDBD100070644C /* camera-icon-hi.png */ = {isa = PBXFileReference; lastKnownFileType = image.png; path = "camera-icon-hi.png"; sourceTree = "<group>"; };
		98C49AAB18FDDE990070644C /* shareIcon.png */ = {isa = PBXFileReference; lastKnownFileType = image.png; path = shareIcon.png; sourceTree = "<group>"; };
		98C49AAD18FDE4100070644C /* iOSskiing.png */ = {isa = PBXFileReference; lastKnownFileType = image.png; path = iOSskiing.png; sourceTree = "<group>"; };
		98C49AAE18FDE4100070644C /* iOSmotorcycle.png */ = {isa = PBXFileReference; lastKnownFileType = image.png; path = iOSmotorcycle.png; sourceTree = "<group>"; };
		98C49AB118FED4A10070644C /* download.png */ = {isa = PBXFileReference; lastKnownFileType = image.png; path = download.png; sourceTree = "<group>"; };
		98C49AB319019AB20070644C /* blurredRainbow.png */ = {isa = PBXFileReference; lastKnownFileType = image.png; path = blurredRainbow.png; sourceTree = "<group>"; };
		98C6CF0918EA1B28008A6AAA /* Storyboard.storyboard */ = {isa = PBXFileReference; fileEncoding = 4; lastKnownFileType = file.storyboard; name = Storyboard.storyboard; path = ParseStarterProject/Storyboard.storyboard; sourceTree = SOURCE_ROOT; };
		98C6CF0D18EB3CD9008A6AAA /* Images.xcassets */ = {isa = PBXFileReference; lastKnownFileType = folder.assetcatalog; name = Images.xcassets; path = GiveAndGet/Images.xcassets; sourceTree = "<group>"; };
		98C6CF0F18EB4A7E008A6AAA /* GetPictureController.h */ = {isa = PBXFileReference; fileEncoding = 4; lastKnownFileType = sourcecode.c.h; path = GetPictureController.h; sourceTree = "<group>"; };
		98C6CF1018EB4A7E008A6AAA /* GetPictureController.m */ = {isa = PBXFileReference; fileEncoding = 4; lastKnownFileType = sourcecode.c.objc; path = GetPictureController.m; sourceTree = "<group>"; };
		98C6CF1218EB543B008A6AAA /* Twitter.framework */ = {isa = PBXFileReference; lastKnownFileType = wrapper.framework; name = Twitter.framework; path = System/Library/Frameworks/Twitter.framework; sourceTree = SDKROOT; };
		98CB50B41906E264001903AF /* locationIcon.png */ = {isa = PBXFileReference; lastKnownFileType = image.png; path = locationIcon.png; sourceTree = "<group>"; };
		98CB50B81906E3AD001903AF /* locationIconSelected.png */ = {isa = PBXFileReference; lastKnownFileType = image.png; path = locationIconSelected.png; sourceTree = "<group>"; };
		98CB50BA19071E4B001903AF /* locationIconReceived.png */ = {isa = PBXFileReference; lastKnownFileType = image.png; path = locationIconReceived.png; sourceTree = "<group>"; };
		C4C51B541613CE0800959FDC /* Default.png */ = {isa = PBXFileReference; lastKnownFileType = image.png; path = Default.png; sourceTree = "<group>"; };
		C4C51B551613CE0800959FDC /* Default-568h@2x.png */ = {isa = PBXFileReference; lastKnownFileType = image.png; path = "Default-568h@2x.png"; sourceTree = "<group>"; };
		C4C51B561613CE0800959FDC /* Default@2x.png */ = {isa = PBXFileReference; lastKnownFileType = image.png; path = "Default@2x.png"; sourceTree = "<group>"; };
/* End PBXFileReference section */

/* Begin PBXFrameworksBuildPhase section */
		09ABC06A13A1D52D009C3FCF /* Frameworks */ = {
			isa = PBXFrameworksBuildPhase;
			buildActionMask = 2147483647;
			files = (
				98C6CF1418EB5444008A6AAA /* Accounts.framework in Frameworks */,
				98C6CF1318EB543B008A6AAA /* Twitter.framework in Frameworks */,
				DD952FCB16E7F5CF00470144 /* CoreLocation.framework in Frameworks */,
				4998650515BF305000803E05 /* StoreKit.framework in Frameworks */,
				743D7B6D157DA60100084B67 /* CoreGraphics.framework in Frameworks */,
				2FCDD6B014A573F500295AAC /* QuartzCore.framework in Frameworks */,
				099CCEAD13F9E3760039A464 /* libz.1.1.3.dylib in Frameworks */,
				09BEF34C13D51C3F001BBCDB /* Security.framework in Frameworks */,
				095ACE8613C68EA300566243 /* AudioToolbox.framework in Frameworks */,
				092354B713A1D83C00DA740F /* MobileCoreServices.framework in Frameworks */,
				092354B513A1D7F000DA740F /* SystemConfiguration.framework in Frameworks */,
				092354B313A1D7EB00DA740F /* CFNetwork.framework in Frameworks */,
				09ABC07213A1D52D009C3FCF /* UIKit.framework in Frameworks */,
				09ABC07413A1D52D009C3FCF /* Foundation.framework in Frameworks */,
				094ACA0014367ACD008398F8 /* Parse.framework in Frameworks */,
			);
			runOnlyForDeploymentPostprocessing = 0;
		};
/* End PBXFrameworksBuildPhase section */

/* Begin PBXGroup section */
		09ABC06213A1D52D009C3FCF = {
			isa = PBXGroup;
			children = (
				98C6CF0D18EB3CD9008A6AAA /* Images.xcassets */,
				98C49AB118FED4A10070644C /* download.png */,
				98C49AAB18FDDE990070644C /* shareIcon.png */,
				98C49AA918FDBD100070644C /* camera-icon-hi.png */,
				98C49AB319019AB20070644C /* blurredRainbow.png */,
				98CB50B41906E264001903AF /* locationIcon.png */,
				98CB50BA19071E4B001903AF /* locationIconReceived.png */,
				98CB50B81906E3AD001903AF /* locationIconSelected.png */,
				98C49AAD18FDE4100070644C /* iOSskiing.png */,
				98C49AAE18FDE4100070644C /* iOSmotorcycle.png */,
				98B6560318EF3BBA00D33B20 /* Camera@2x.png */,
				09ABC07713A1D52D009C3FCF /* ParseStarterProject */,
				09ABC07013A1D52D009C3FCF /* Frameworks */,
				09ABC06E13A1D52D009C3FCF /* Products */,
			);
			sourceTree = "<group>";
		};
		09ABC06E13A1D52D009C3FCF /* Products */ = {
			isa = PBXGroup;
			children = (
				09ABC06D13A1D52D009C3FCF /* GiveAndGet.app */,
			);
			name = Products;
			sourceTree = "<group>";
		};
		09ABC07013A1D52D009C3FCF /* Frameworks */ = {
			isa = PBXGroup;
			children = (
				98C6CF1218EB543B008A6AAA /* Twitter.framework */,
				6372FF571613CC47002132AF /* AdSupport.framework */,
				6372FF551613CC42002132AF /* Social.framework */,
				6372FF521613CC3C002132AF /* Accounts.framework */,
				095ACE8513C68EA300566243 /* AudioToolbox.framework */,
				092354B213A1D7EB00DA740F /* CFNetwork.framework */,
				743D7B6C157DA60100084B67 /* CoreGraphics.framework */,
				97E18B1E1624CB5700B17A67 /* CoreLocation.framework */,
				09ABC07313A1D52D009C3FCF /* Foundation.framework */,
				6332375315E438E900AE2736 /* libsqlite3.dylib */,
				099CCEAC13F9E3760039A464 /* libz.1.1.3.dylib */,
				092354B613A1D83C00DA740F /* MobileCoreServices.framework */,
				094AC9FF14367ACD008398F8 /* Parse.framework */,
				2FCDD6AF14A573F500295AAC /* QuartzCore.framework */,
				09BEF34B13D51C3F001BBCDB /* Security.framework */,
				4998650415BF305000803E05 /* StoreKit.framework */,
				092354B413A1D7F000DA740F /* SystemConfiguration.framework */,
				09ABC07113A1D52D009C3FCF /* UIKit.framework */,
			);
			name = Frameworks;
			sourceTree = "<group>";
		};
		09ABC07713A1D52D009C3FCF /* ParseStarterProject */ = {
			isa = PBXGroup;
			children = (
				98B655EE18EF2CEA00D33B20 /* PHFComposer */,
				09ABC08013A1D52D009C3FCF /* ParseStarterProjectAppDelegate.h */,
				09ABC08113A1D52D009C3FCF /* ParseStarterProjectAppDelegate.m */,
				09ABC08613A1D52E009C3FCF /* ParseStarterProjectViewController.h */,
				09ABC08713A1D52E009C3FCF /* ParseStarterProjectViewController.m */,
				09ABC07813A1D52D009C3FCF /* Supporting Files */,
				98C6CF0918EA1B28008A6AAA /* Storyboard.storyboard */,
				98C6CF0F18EB4A7E008A6AAA /* GetPictureController.h */,
				98C6CF1018EB4A7E008A6AAA /* GetPictureController.m */,
				98B6560018EF303600D33B20 /* ComposerViewController.h */,
				98B6560118EF303600D33B20 /* ComposerViewController.m */,
			);
			path = ParseStarterProject;
			sourceTree = "<group>";
		};
		09ABC07813A1D52D009C3FCF /* Supporting Files */ = {
			isa = PBXGroup;
			children = (
				C4C51B541613CE0800959FDC /* Default.png */,
				C4C51B561613CE0800959FDC /* Default@2x.png */,
				C4C51B551613CE0800959FDC /* Default-568h@2x.png */,
				09ABC07913A1D52D009C3FCF /* GiveAndGet-Info.plist */,
				09144A7213C2997E00388B00 /* Entitlements.plist */,
				09ABC07A13A1D52D009C3FCF /* InfoPlist.strings */,
				09ABC07D13A1D52D009C3FCF /* GiveAndGet-Prefix.pch */,
				09ABC07E13A1D52D009C3FCF /* main.m */,
			);
			name = "Supporting Files";
			sourceTree = "<group>";
		};
		98B655EE18EF2CEA00D33B20 /* PHFComposer */ = {
			isa = PBXGroup;
			children = (
				98B655F818EF2E7D00D33B20 /* PHFDelegateChain */,
				98B655EF18EF2CEA00D33B20 /* PHFComposeBarView.h */,
				98B655F018EF2CEA00D33B20 /* PHFComposeBarView.m */,
				98B655F118EF2CEA00D33B20 /* PHFComposeBarView_Button.h */,
				98B655F218EF2CEA00D33B20 /* PHFComposeBarView_Button.m */,
				98B655F318EF2CEA00D33B20 /* PHFComposeBarView_TextView.h */,
				98B655F418EF2CEA00D33B20 /* PHFComposeBarView_TextView.m */,
			);
			path = PHFComposer;
			sourceTree = "<group>";
		};
		98B655F818EF2E7D00D33B20 /* PHFDelegateChain */ = {
			isa = PBXGroup;
			children = (
				98B655FA18EF2E7D00D33B20 /* PHFDelegateChain.h */,
				98B655FB18EF2E7D00D33B20 /* PHFDelegateChain.m */,
			);
			path = PHFDelegateChain;
			sourceTree = "<group>";
		};
/* End PBXGroup section */

/* Begin PBXNativeTarget section */
		09ABC06C13A1D52D009C3FCF /* GiveAndGet */ = {
			isa = PBXNativeTarget;
			buildConfigurationList = 09ABC08E13A1D52E009C3FCF /* Build configuration list for PBXNativeTarget "GiveAndGet" */;
			buildPhases = (
				09ABC06913A1D52D009C3FCF /* Sources */,
				09ABC06A13A1D52D009C3FCF /* Frameworks */,
				09ABC06B13A1D52D009C3FCF /* Resources */,
			);
			buildRules = (
			);
			dependencies = (
			);
			name = GiveAndGet;
			productName = ParseStarterProject;
			productReference = 09ABC06D13A1D52D009C3FCF /* GiveAndGet.app */;
			productType = "com.apple.product-type.application";
		};
/* End PBXNativeTarget section */

/* Begin PBXProject section */
		09ABC06413A1D52D009C3FCF /* Project object */ = {
			isa = PBXProject;
			attributes = {
				LastUpgradeCheck = 0510;
			};
			buildConfigurationList = 09ABC06713A1D52D009C3FCF /* Build configuration list for PBXProject "GiveAndGet" */;
			compatibilityVersion = "Xcode 3.2";
			developmentRegion = English;
			hasScannedForEncodings = 0;
			knownRegions = (
				en,
			);
			mainGroup = 09ABC06213A1D52D009C3FCF;
			productRefGroup = 09ABC06E13A1D52D009C3FCF /* Products */;
			projectDirPath = "";
			projectRoot = "";
			targets = (
				09ABC06C13A1D52D009C3FCF /* GiveAndGet */,
			);
		};
/* End PBXProject section */

/* Begin PBXResourcesBuildPhase section */
		09ABC06B13A1D52D009C3FCF /* Resources */ = {
			isa = PBXResourcesBuildPhase;
			buildActionMask = 2147483647;
			files = (
				98C49AAC18FDDE990070644C /* shareIcon.png in Resources */,
				98CB50BB19071E4B001903AF /* locationIconReceived.png in Resources */,
				98CB50B51906E264001903AF /* locationIcon.png in Resources */,
				98C49AAA18FDBD100070644C /* camera-icon-hi.png in Resources */,
				98C6CF0E18EB3CD9008A6AAA /* Images.xcassets in Resources */,
				98C49AB419019AB20070644C /* blurredRainbow.png in Resources */,
				98B6560418EF3BBA00D33B20 /* Camera@2x.png in Resources */,
				98CB50B91906E3AD001903AF /* locationIconSelected.png in Resources */,
				09ABC07C13A1D52D009C3FCF /* InfoPlist.strings in Resources */,
				98C6CF0A18EA1B29008A6AAA /* Storyboard.storyboard in Resources */,
				98C49AB218FED4A10070644C /* download.png in Resources */,
				98C49AAF18FDE4100070644C /* iOSskiing.png in Resources */,
				09144A7313C2997E00388B00 /* Entitlements.plist in Resources */,
				C4C51B571613CE0800959FDC /* Default.png in Resources */,
				C4C51B581613CE0800959FDC /* Default-568h@2x.png in Resources */,
				C4C51B591613CE0800959FDC /* Default@2x.png in Resources */,
				98C49AB018FDE4100070644C /* iOSmotorcycle.png in Resources */,
			);
			runOnlyForDeploymentPostprocessing = 0;
		};
/* End PBXResourcesBuildPhase section */

/* Begin PBXSourcesBuildPhase section */
		09ABC06913A1D52D009C3FCF /* Sources */ = {
			isa = PBXSourcesBuildPhase;
			buildActionMask = 2147483647;
			files = (
				98B655F618EF2CEA00D33B20 /* PHFComposeBarView_Button.m in Sources */,
				98B655FE18EF2E7D00D33B20 /* PHFDelegateChain.m in Sources */,
				09ABC07F13A1D52D009C3FCF /* main.m in Sources */,
				98B655F718EF2CEA00D33B20 /* PHFComposeBarView_TextView.m in Sources */,
				98C6CF1118EB4A7E008A6AAA /* GetPictureController.m in Sources */,
				09ABC08213A1D52D009C3FCF /* ParseStarterProjectAppDelegate.m in Sources */,
				09ABC08813A1D52E009C3FCF /* ParseStarterProjectViewController.m in Sources */,
				98B655F518EF2CEA00D33B20 /* PHFComposeBarView.m in Sources */,
				98B6560218EF303600D33B20 /* ComposerViewController.m in Sources */,
			);
			runOnlyForDeploymentPostprocessing = 0;
		};
/* End PBXSourcesBuildPhase section */

/* Begin PBXVariantGroup section */
		09ABC07A13A1D52D009C3FCF /* InfoPlist.strings */ = {
			isa = PBXVariantGroup;
			children = (
				09ABC07B13A1D52D009C3FCF /* en */,
			);
			name = InfoPlist.strings;
			sourceTree = "<group>";
		};
/* End PBXVariantGroup section */

/* Begin XCBuildConfiguration section */
		09ABC08C13A1D52E009C3FCF /* Debug */ = {
			isa = XCBuildConfiguration;
			buildSettings = {
				CLANG_WARN_BOOL_CONVERSION = YES;
				CLANG_WARN_CONSTANT_CONVERSION = YES;
				CLANG_WARN_EMPTY_BODY = YES;
				CLANG_WARN_ENUM_CONVERSION = YES;
				CLANG_WARN_INT_CONVERSION = YES;
				CLANG_WARN__DUPLICATE_METHOD_MATCH = YES;
				CODE_SIGN_IDENTITY = "";
				"CODE_SIGN_IDENTITY[sdk=iphoneos*]" = "";
				GCC_C_LANGUAGE_STANDARD = gnu99;
				GCC_OPTIMIZATION_LEVEL = 0;
				GCC_PREPROCESSOR_DEFINITIONS = DEBUG;
				GCC_SYMBOLS_PRIVATE_EXTERN = NO;
				GCC_VERSION = com.apple.compilers.llvm.clang.1_0;
				GCC_WARN_64_TO_32_BIT_CONVERSION = YES;
				GCC_WARN_ABOUT_RETURN_TYPE = YES;
				GCC_WARN_UNDECLARED_SELECTOR = YES;
				GCC_WARN_UNINITIALIZED_AUTOS = YES;
				GCC_WARN_UNUSED_FUNCTION = YES;
				GCC_WARN_UNUSED_VARIABLE = YES;
				IPHONEOS_DEPLOYMENT_TARGET = 4.3;
				ONLY_ACTIVE_ARCH = YES;
				SDKROOT = iphoneos;
			};
			name = Debug;
		};
		09ABC08D13A1D52E009C3FCF /* Release */ = {
			isa = XCBuildConfiguration;
			buildSettings = {
				CLANG_WARN_BOOL_CONVERSION = YES;
				CLANG_WARN_CONSTANT_CONVERSION = YES;
				CLANG_WARN_EMPTY_BODY = YES;
				CLANG_WARN_ENUM_CONVERSION = YES;
				CLANG_WARN_INT_CONVERSION = YES;
				CLANG_WARN__DUPLICATE_METHOD_MATCH = YES;
				CODE_SIGN_IDENTITY = "";
				"CODE_SIGN_IDENTITY[sdk=iphoneos*]" = "";
				GCC_C_LANGUAGE_STANDARD = gnu99;
				GCC_VERSION = com.apple.compilers.llvm.clang.1_0;
				GCC_WARN_64_TO_32_BIT_CONVERSION = YES;
				GCC_WARN_ABOUT_RETURN_TYPE = YES;
				GCC_WARN_UNDECLARED_SELECTOR = YES;
				GCC_WARN_UNINITIALIZED_AUTOS = YES;
				GCC_WARN_UNUSED_FUNCTION = YES;
				GCC_WARN_UNUSED_VARIABLE = YES;
				IPHONEOS_DEPLOYMENT_TARGET = 4.3;
				OTHER_CFLAGS = "-DNS_BLOCK_ASSERTIONS=1";
				SDKROOT = iphoneos;
			};
			name = Release;
		};
		09ABC08F13A1D52E009C3FCF /* Debug */ = {
			isa = XCBuildConfiguration;
			buildSettings = {
				ALWAYS_SEARCH_USER_PATHS = NO;
				ASSETCATALOG_COMPILER_APPICON_NAME = AppIcon;
				ASSETCATALOG_COMPILER_LAUNCHIMAGE_NAME = LaunchImage;
				CLANG_ENABLE_OBJC_ARC = YES;
				COPY_PHASE_STRIP = YES;
				FRAMEWORK_SEARCH_PATHS = (
					"$(inherited)",
					"\"$(SRCROOT)\"",
				);
				GCC_DYNAMIC_NO_PIC = NO;
				GCC_PRECOMPILE_PREFIX_HEADER = YES;
				GCC_PREFIX_HEADER = "ParseStarterProject/GiveAndGet-Prefix.pch";
				GCC_VERSION = com.apple.compilers.llvm.clang.1_0;
				INFOPLIST_FILE = "ParseStarterProject/GiveAndGet-Info.plist";
				IPHONEOS_DEPLOYMENT_TARGET = 6.0;
				PRODUCT_NAME = GiveAndGet;
				PROVISIONING_PROFILE = "A7DDEE00-AD1A-4568-9D27-CDA299A75BAA";
				TARGETED_DEVICE_FAMILY = 1;
				VALIDATE_PRODUCT = NO;
				WRAPPER_EXTENSION = app;
			};
			name = Debug;
		};
		09ABC09013A1D52E009C3FCF /* Release */ = {
			isa = XCBuildConfiguration;
			buildSettings = {
				ALWAYS_SEARCH_USER_PATHS = NO;
				ASSETCATALOG_COMPILER_APPICON_NAME = AppIcon;
				ASSETCATALOG_COMPILER_LAUNCHIMAGE_NAME = LaunchImage;
				CLANG_ENABLE_OBJC_ARC = YES;
				COPY_PHASE_STRIP = NO;
				FRAMEWORK_SEARCH_PATHS = (
					"$(inherited)",
					"\"$(SRCROOT)\"",
				);
				GCC_PRECOMPILE_PREFIX_HEADER = YES;
				GCC_PREFIX_HEADER = "ParseStarterProject/GiveAndGet-Prefix.pch";
				GCC_VERSION = com.apple.compilers.llvm.clang.1_0;
				INFOPLIST_FILE = "ParseStarterProject/GiveAndGet-Info.plist";
				IPHONEOS_DEPLOYMENT_TARGET = 6.0;
				PRODUCT_NAME = GiveAndGet;
				PROVISIONING_PROFILE = "A7DDEE00-AD1A-4568-9D27-CDA299A75BAA";
				TARGETED_DEVICE_FAMILY = 1;
				VALIDATE_PRODUCT = NO;
				WRAPPER_EXTENSION = app;
			};
			name = Release;
		};
/* End XCBuildConfiguration section */

/* Begin XCConfigurationList section */
		09ABC06713A1D52D009C3FCF /* Build configuration list for PBXProject "GiveAndGet" */ = {
			isa = XCConfigurationList;
			buildConfigurations = (
				09ABC08C13A1D52E009C3FCF /* Debug */,
				09ABC08D13A1D52E009C3FCF /* Release */,
			);
			defaultConfigurationIsVisible = 0;
			defaultConfigurationName = Release;
		};
		09ABC08E13A1D52E009C3FCF /* Build configuration list for PBXNativeTarget "GiveAndGet" */ = {
			isa = XCConfigurationList;
			buildConfigurations = (
				09ABC08F13A1D52E009C3FCF /* Debug */,
				09ABC09013A1D52E009C3FCF /* Release */,
			);
			defaultConfigurationIsVisible = 0;
			defaultConfigurationName = Release;
		};
/* End XCConfigurationList section */
	};
	rootObject = 09ABC06413A1D52D009C3FCF /* Project object */;
}
